
Microsoft Visual Studio Solution File, Format Version 12.00
# Visual Studio Version 17
VisualStudioVersion = 17.5.002.0
MinimumVisualStudioVersion = 10.0.40219.1
Project("{9A19103F-16F7-4668-BE54-9A1E7A4F7556}") = "pathFinding", "pathFinding.csproj", "{25F1EEF8-1A0A-4523-A702-98DBE236D932}"
EndProject
Global
	GlobalSection(SolutionConfigurationPlatforms) = preSolution
		Debug|Any CPU = Debug|Any CPU
		Release|Any CPU = Release|Any CPU
	EndGlobalSection
	GlobalSection(ProjectConfigurationPlatforms) = postSolution
		{25F1EEF8-1A0A-4523-A702-98DBE236D932}.Debug|Any CPU.ActiveCfg = Debug|Any CPU
		{25F1EEF8-1A0A-4523-A702-98DBE236D932}.Debug|Any CPU.Build.0 = Debug|Any CPU
		{25F1EEF8-1A0A-4523-A702-98DBE236D932}.Release|Any CPU.ActiveCfg = Release|Any CPU
		{25F1EEF8-1A0A-4523-A702-98DBE236D932}.Release|Any CPU.Build.0 = Release|Any CPU
	EndGlobalSection
	GlobalSection(SolutionProperties) = preSolution
		HideSolutionNode = FALSE
	EndGlobalSection
	GlobalSection(ExtensibilityGlobals) = postSolution
		SolutionGuid = {DD3CF9C7-B55C-4926-839F-7517EF0E43A1}
	EndGlobalSection
EndGlobal
